
Microsoft Visual Studio Solution File, Format Version 12.00
# Visual Studio Version 17
VisualStudioVersion = 17.10.35013.160
MinimumVisualStudioVersion = 10.0.40219.1
Project("{9A19103F-16F7-4668-BE54-9A1E7A4F7556}") = "NetworkInventory.Maui", "NetworkInventory.Maui\NetworkInventory.Maui.csproj", "{BF8CB3B3-207C-4A00-86FF-77AC35E56C00}"
EndProject
Project("{9A19103F-16F7-4668-BE54-9A1E7A4F7556}") = "NetworkInventory.CoreBusiness", "NetworkInventory.CoreBusiness\NetworkInventory.CoreBusiness.csproj", "{7F06217E-B9FA-4234-A161-A4655CE2E389}"
EndProject
Project("{9A19103F-16F7-4668-BE54-9A1E7A4F7556}") = "NetworkInventory.UseCases", "NetworkInventory.UseCases\NetworkInventory.UseCases.csproj", "{EFCABFFC-C62F-477A-8135-1495A2CE1256}"
EndProject
Project("{9A19103F-16F7-4668-BE54-9A1E7A4F7556}") = "NetworkInventory.Plugins.DataStore.InMemory", "NetworkInventory.Plugins.DataStore.InMemory\NetworkInventory.Plugins.DataStore.InMemory.csproj", "{9B89BEDB-64C1-487B-99EA-AD42CAAF9482}"
EndProject
Project("{FAE04EC0-301F-11D3-BF4B-00C04F79EFBC}") = "NetworkInventory.Plugins.DataStore.SQLite", "NetworkInventory.Plugins.DataStore.SQLite\NetworkInventory.Plugins.DataStore.SQLite.csproj", "{A4C5A977-C05B-4639-B765-414B873A1E00}"
EndProject
Global
	GlobalSection(SolutionConfigurationPlatforms) = preSolution
		Debug|Any CPU = Debug|Any CPU
		Release|Any CPU = Release|Any CPU
	EndGlobalSection
	GlobalSection(ProjectConfigurationPlatforms) = postSolution
		{BF8CB3B3-207C-4A00-86FF-77AC35E56C00}.Debug|Any CPU.ActiveCfg = Debug|Any CPU
		{BF8CB3B3-207C-4A00-86FF-77AC35E56C00}.Debug|Any CPU.Build.0 = Debug|Any CPU
		{BF8CB3B3-207C-4A00-86FF-77AC35E56C00}.Debug|Any CPU.Deploy.0 = Debug|Any CPU
		{BF8CB3B3-207C-4A00-86FF-77AC35E56C00}.Release|Any CPU.ActiveCfg = Release|Any CPU
		{BF8CB3B3-207C-4A00-86FF-77AC35E56C00}.Release|Any CPU.Build.0 = Release|Any CPU
		{BF8CB3B3-207C-4A00-86FF-77AC35E56C00}.Release|Any CPU.Deploy.0 = Release|Any CPU
		{7F06217E-B9FA-4234-A161-A4655CE2E389}.Debug|Any CPU.ActiveCfg = Debug|Any CPU
		{7F06217E-B9FA-4234-A161-A4655CE2E389}.Debug|Any CPU.Build.0 = Debug|Any CPU
		{7F06217E-B9FA-4234-A161-A4655CE2E389}.Release|Any CPU.ActiveCfg = Release|Any CPU
		{7F06217E-B9FA-4234-A161-A4655CE2E389}.Release|Any CPU.Build.0 = Release|Any CPU
		{EFCABFFC-C62F-477A-8135-1495A2CE1256}.Debug|Any CPU.ActiveCfg = Debug|Any CPU
		{EFCABFFC-C62F-477A-8135-1495A2CE1256}.Debug|Any CPU.Build.0 = Debug|Any CPU
		{EFCABFFC-C62F-477A-8135-1495A2CE1256}.Release|Any CPU.ActiveCfg = Release|Any CPU
		{EFCABFFC-C62F-477A-8135-1495A2CE1256}.Release|Any CPU.Build.0 = Release|Any CPU
		{9B89BEDB-64C1-487B-99EA-AD42CAAF9482}.Debug|Any CPU.ActiveCfg = Debug|Any CPU
		{9B89BEDB-64C1-487B-99EA-AD42CAAF9482}.Debug|Any CPU.Build.0 = Debug|Any CPU
		{9B89BEDB-64C1-487B-99EA-AD42CAAF9482}.Release|Any CPU.ActiveCfg = Release|Any CPU
		{9B89BEDB-64C1-487B-99EA-AD42CAAF9482}.Release|Any CPU.Build.0 = Release|Any CPU
		{A4C5A977-C05B-4639-B765-414B873A1E00}.Debug|Any CPU.ActiveCfg = Debug|Any CPU
		{A4C5A977-C05B-4639-B765-414B873A1E00}.Debug|Any CPU.Build.0 = Debug|Any CPU
		{A4C5A977-C05B-4639-B765-414B873A1E00}.Release|Any CPU.ActiveCfg = Release|Any CPU
		{A4C5A977-C05B-4639-B765-414B873A1E00}.Release|Any CPU.Build.0 = Release|Any CPU
	EndGlobalSection
	GlobalSection(SolutionProperties) = preSolution
		HideSolutionNode = FALSE
	EndGlobalSection
	GlobalSection(ExtensibilityGlobals) = postSolution
		SolutionGuid = {46789348-BDBC-4B04-B90A-F055D967C8F7}
	EndGlobalSection
EndGlobal
